
Microsoft Visual Studio Solution File, Format Version 12.00
# Visual Studio 15
VisualStudioVersion = 15.0.26124.0
MinimumVisualStudioVersion = 15.0.26124.0
Project("{2150E333-8FDC-42A3-9474-1A3956D46DE8}") = "src", "src", "{D4FFB2C1-4244-4D67-82F6-4A73FDEE68CE}"
EndProject
Project("{FAE04EC0-301F-11D3-BF4B-00C04F79EFBC}") = "Contracts", "src\Contracts\Contracts.csproj", "{A6F058B8-4084-454F-B4CC-3910A2C6652B}"
EndProject
Project("{FAE04EC0-301F-11D3-BF4B-00C04F79EFBC}") = "Api", "src\Api\Api.csproj", "{972D249F-6DA3-4B68-9D49-542FD947DB72}"
EndProject
Global
	GlobalSection(SolutionConfigurationPlatforms) = preSolution
		Debug|Any CPU = Debug|Any CPU
		Debug|x64 = Debug|x64
		Debug|x86 = Debug|x86
		Release|Any CPU = Release|Any CPU
		Release|x64 = Release|x64
		Release|x86 = Release|x86
	EndGlobalSection
	GlobalSection(SolutionProperties) = preSolution
		HideSolutionNode = FALSE
	EndGlobalSection
	GlobalSection(ProjectConfigurationPlatforms) = postSolution
		{A6F058B8-4084-454F-B4CC-3910A2C6652B}.Debug|Any CPU.ActiveCfg = Debug|Any CPU
		{A6F058B8-4084-454F-B4CC-3910A2C6652B}.Debug|Any CPU.Build.0 = Debug|Any CPU
		{A6F058B8-4084-454F-B4CC-3910A2C6652B}.Debug|x64.ActiveCfg = Debug|Any CPU
		{A6F058B8-4084-454F-B4CC-3910A2C6652B}.Debug|x64.Build.0 = Debug|Any CPU
		{A6F058B8-4084-454F-B4CC-3910A2C6652B}.Debug|x86.ActiveCfg = Debug|Any CPU
		{A6F058B8-4084-454F-B4CC-3910A2C6652B}.Debug|x86.Build.0 = Debug|Any CPU
		{A6F058B8-4084-454F-B4CC-3910A2C6652B}.Release|Any CPU.ActiveCfg = Release|Any CPU
		{A6F058B8-4084-454F-B4CC-3910A2C6652B}.Release|Any CPU.Build.0 = Release|Any CPU
		{A6F058B8-4084-454F-B4CC-3910A2C6652B}.Release|x64.ActiveCfg = Release|Any CPU
		{A6F058B8-4084-454F-B4CC-3910A2C6652B}.Release|x64.Build.0 = Release|Any CPU
		{A6F058B8-4084-454F-B4CC-3910A2C6652B}.Release|x86.ActiveCfg = Release|Any CPU
		{A6F058B8-4084-454F-B4CC-3910A2C6652B}.Release|x86.Build.0 = Release|Any CPU
		{972D249F-6DA3-4B68-9D49-542FD947DB72}.Debug|Any CPU.ActiveCfg = Debug|Any CPU
		{972D249F-6DA3-4B68-9D49-542FD947DB72}.Debug|Any CPU.Build.0 = Debug|Any CPU
		{972D249F-6DA3-4B68-9D49-542FD947DB72}.Debug|x64.ActiveCfg = Debug|Any CPU
		{972D249F-6DA3-4B68-9D49-542FD947DB72}.Debug|x64.Build.0 = Debug|Any CPU
		{972D249F-6DA3-4B68-9D49-542FD947DB72}.Debug|x86.ActiveCfg = Debug|Any CPU
		{972D249F-6DA3-4B68-9D49-542FD947DB72}.Debug|x86.Build.0 = Debug|Any CPU
		{972D249F-6DA3-4B68-9D49-542FD947DB72}.Release|Any CPU.ActiveCfg = Release|Any CPU
		{972D249F-6DA3-4B68-9D49-542FD947DB72}.Release|Any CPU.Build.0 = Release|Any CPU
		{972D249F-6DA3-4B68-9D49-542FD947DB72}.Release|x64.ActiveCfg = Release|Any CPU
		{972D249F-6DA3-4B68-9D49-542FD947DB72}.Release|x64.Build.0 = Release|Any CPU
		{972D249F-6DA3-4B68-9D49-542FD947DB72}.Release|x86.ActiveCfg = Release|Any CPU
		{972D249F-6DA3-4B68-9D49-542FD947DB72}.Release|x86.Build.0 = Release|Any CPU
	EndGlobalSection
	GlobalSection(NestedProjects) = preSolution
		{A6F058B8-4084-454F-B4CC-3910A2C6652B} = {D4FFB2C1-4244-4D67-82F6-4A73FDEE68CE}
		{972D249F-6DA3-4B68-9D49-542FD947DB72} = {D4FFB2C1-4244-4D67-82F6-4A73FDEE68CE}
	EndGlobalSection
EndGlobal
